
Microsoft Visual Studio Solution File, Format Version 12.00
# Visual Studio Version 16
VisualStudioVersion = 16.0.28803.156
MinimumVisualStudioVersion = 10.0.40219.1
Project("{9A19103F-16F7-4668-BE54-9A1E7A4F7556}") = "StarWarsPoC", "StarWarsPoC\StarWarsPoC.csproj", "{4143BCAF-4CAE-4D1F-B071-377AF23A19E6}"
EndProject
Project("{FAE04EC0-301F-11D3-BF4B-00C04F79EFBC}") = "StarWarsPoC.Core", "StarWarsPoC.Core\StarWarsPoC.Core.csproj", "{2C33C040-F767-45A5-BE7A-3CCD8213CF83}"
EndProject
Project("{FAE04EC0-301F-11D3-BF4B-00C04F79EFBC}") = "StarWarsPoC.Persistence", "StarWarsPoC.Persistence\StarWarsPoC.Persistence.csproj", "{8A5982E3-D255-4739-B98E-D47F987A7737}"
EndProject
Global
	GlobalSection(SolutionConfigurationPlatforms) = preSolution
		Debug|Any CPU = Debug|Any CPU
		Release|Any CPU = Release|Any CPU
	EndGlobalSection
	GlobalSection(ProjectConfigurationPlatforms) = postSolution
		{4143BCAF-4CAE-4D1F-B071-377AF23A19E6}.Debug|Any CPU.ActiveCfg = Debug|Any CPU
		{4143BCAF-4CAE-4D1F-B071-377AF23A19E6}.Debug|Any CPU.Build.0 = Debug|Any CPU
		{4143BCAF-4CAE-4D1F-B071-377AF23A19E6}.Release|Any CPU.ActiveCfg = Release|Any CPU
		{4143BCAF-4CAE-4D1F-B071-377AF23A19E6}.Release|Any CPU.Build.0 = Release|Any CPU
		{2C33C040-F767-45A5-BE7A-3CCD8213CF83}.Debug|Any CPU.ActiveCfg = Debug|Any CPU
		{2C33C040-F767-45A5-BE7A-3CCD8213CF83}.Debug|Any CPU.Build.0 = Debug|Any CPU
		{2C33C040-F767-45A5-BE7A-3CCD8213CF83}.Release|Any CPU.ActiveCfg = Release|Any CPU
		{2C33C040-F767-45A5-BE7A-3CCD8213CF83}.Release|Any CPU.Build.0 = Release|Any CPU
		{8A5982E3-D255-4739-B98E-D47F987A7737}.Debug|Any CPU.ActiveCfg = Debug|Any CPU
		{8A5982E3-D255-4739-B98E-D47F987A7737}.Debug|Any CPU.Build.0 = Debug|Any CPU
		{8A5982E3-D255-4739-B98E-D47F987A7737}.Release|Any CPU.ActiveCfg = Release|Any CPU
		{8A5982E3-D255-4739-B98E-D47F987A7737}.Release|Any CPU.Build.0 = Release|Any CPU
	EndGlobalSection
	GlobalSection(SolutionProperties) = preSolution
		HideSolutionNode = FALSE
	EndGlobalSection
	GlobalSection(ExtensibilityGlobals) = postSolution
		SolutionGuid = {8C759F7A-1A76-4E9D-B49E-3E7246FFCF73}
	EndGlobalSection
EndGlobal
